
Microsoft Visual Studio Solution File, Format Version 12.00
# Visual Studio Version 16
VisualStudioVersion = 16.0.29102.190
MinimumVisualStudioVersion = 10.0.40219.1
Project("{FAE04EC0-301F-11D3-BF4B-00C04F79EFBC}") = "PlanningApp", "PlanningApp\PlanningApp.csproj", "{F9414B4C-5071-42E0-A1D6-BB2E094841E2}"
EndProject
Project("{54435603-DBB4-11D2-8724-00A0C9A8B90C}") = "PlanningAppSetup", "PlanningAppSetup\PlanningAppSetup.vdproj", "{07F396BD-F844-4A73-8ECA-CA45D8A2F8C5}"
EndProject
Global
	GlobalSection(SolutionConfigurationPlatforms) = preSolution
		Debug|Any CPU = Debug|Any CPU
		Release|Any CPU = Release|Any CPU
	EndGlobalSection
	GlobalSection(ProjectConfigurationPlatforms) = postSolution
		{F9414B4C-5071-42E0-A1D6-BB2E094841E2}.Debug|Any CPU.ActiveCfg = Debug|Any CPU
		{F9414B4C-5071-42E0-A1D6-BB2E094841E2}.Debug|Any CPU.Build.0 = Debug|Any CPU
		{F9414B4C-5071-42E0-A1D6-BB2E094841E2}.Release|Any CPU.ActiveCfg = Release|Any CPU
		{F9414B4C-5071-42E0-A1D6-BB2E094841E2}.Release|Any CPU.Build.0 = Release|Any CPU
		{07F396BD-F844-4A73-8ECA-CA45D8A2F8C5}.Debug|Any CPU.ActiveCfg = Debug
		{07F396BD-F844-4A73-8ECA-CA45D8A2F8C5}.Release|Any CPU.ActiveCfg = Release
	EndGlobalSection
	GlobalSection(SolutionProperties) = preSolution
		HideSolutionNode = FALSE
	EndGlobalSection
	GlobalSection(ExtensibilityGlobals) = postSolution
		SolutionGuid = {B7C91FB8-CC71-4DDA-9A21-2139A7E56AD4}
	EndGlobalSection
EndGlobal
